// !$*UTF8*$!
{
	archiveVersion = 1;
	classes = {
	};
	objectVersion = 56;
	objects = {

/* Begin PBXBuildFile section */
		D877BB3728DA624E004421BF /* AppDelegate.swift in Sources */ = {isa = PBXBuildFile; fileRef = D877BB3628DA624E004421BF /* AppDelegate.swift */; };
		D877BB3928DA624E004421BF /* SceneDelegate.swift in Sources */ = {isa = PBXBuildFile; fileRef = D877BB3828DA624E004421BF /* SceneDelegate.swift */; };
		D877BB3E28DA624E004421BF /* Main.storyboard in Resources */ = {isa = PBXBuildFile; fileRef = D877BB3C28DA624E004421BF /* Main.storyboard */; };
		D877BB4028DA6251004421BF /* Assets.xcassets in Resources */ = {isa = PBXBuildFile; fileRef = D877BB3F28DA6251004421BF /* Assets.xcassets */; };
		D877BB4328DA6251004421BF /* LaunchScreen.storyboard in Resources */ = {isa = PBXBuildFile; fileRef = D877BB4128DA6251004421BF /* LaunchScreen.storyboard */; };
		D877BB4E28DA6251004421BF /* NYTimesTopStoriesAppTests.swift in Sources */ = {isa = PBXBuildFile; fileRef = D877BB4D28DA6251004421BF /* NYTimesTopStoriesAppTests.swift */; };
		D877BB5828DA6251004421BF /* NYTimesTopStoriesAppUITests.swift in Sources */ = {isa = PBXBuildFile; fileRef = D877BB5728DA6251004421BF /* NYTimesTopStoriesAppUITests.swift */; };
		D877BB5A28DA6252004421BF /* NYTimesTopStoriesAppUITestsLaunchTests.swift in Sources */ = {isa = PBXBuildFile; fileRef = D877BB5928DA6252004421BF /* NYTimesTopStoriesAppUITestsLaunchTests.swift */; };
		D877BB6828DA6705004421BF /* Network.swift in Sources */ = {isa = PBXBuildFile; fileRef = D877BB6728DA6705004421BF /* Network.swift */; };
		D877BB6A28DA6783004421BF /* NYError.swift in Sources */ = {isa = PBXBuildFile; fileRef = D877BB6928DA6783004421BF /* NYError.swift */; };
		D877BB6C28DA67BC004421BF /* Endpoint.swift in Sources */ = {isa = PBXBuildFile; fileRef = D877BB6B28DA67BC004421BF /* Endpoint.swift */; };
		D877BB6E28DA67DC004421BF /* HTTPMethod.swift in Sources */ = {isa = PBXBuildFile; fileRef = D877BB6D28DA67DC004421BF /* HTTPMethod.swift */; };
		D877BB7128DA6996004421BF /* StoryboardInstantiable.swift in Sources */ = {isa = PBXBuildFile; fileRef = D877BB7028DA6996004421BF /* StoryboardInstantiable.swift */; };
		D877BB7328DA69A8004421BF /* ViewModel.swift in Sources */ = {isa = PBXBuildFile; fileRef = D877BB7228DA69A8004421BF /* ViewModel.swift */; };
		D877BB7528DA69C3004421BF /* BaseViewController.swift in Sources */ = {isa = PBXBuildFile; fileRef = D877BB7428DA69C3004421BF /* BaseViewController.swift */; };
		D877BB7728DA6BA1004421BF /* SplashVC.swift in Sources */ = {isa = PBXBuildFile; fileRef = D877BB7628DA6BA1004421BF /* SplashVC.swift */; };
		D877BB7D28DA6C9B004421BF /* SplashVM.swift in Sources */ = {isa = PBXBuildFile; fileRef = D877BB7C28DA6C9B004421BF /* SplashVM.swift */; };
		D877BB8028DA6CED004421BF /* NYTopStoriesResponse.swift in Sources */ = {isa = PBXBuildFile; fileRef = D877BB7F28DA6CED004421BF /* NYTopStoriesResponse.swift */; };
		D877BB8228DA6ECB004421BF /* NYTTopStoriesEndpoint.swift in Sources */ = {isa = PBXBuildFile; fileRef = D877BB8128DA6ECB004421BF /* NYTTopStoriesEndpoint.swift */; };
		D877BB8528DA712A004421BF /* AlertUtil.swift in Sources */ = {isa = PBXBuildFile; fileRef = D877BB8428DA712A004421BF /* AlertUtil.swift */; };
		D877BB8828DA72A3004421BF /* ViewCodeConfiguration.swift in Sources */ = {isa = PBXBuildFile; fileRef = D877BB8728DA72A3004421BF /* ViewCodeConfiguration.swift */; };
		D877BB8A28DA735A004421BF /* TopStoriesListVC.swift in Sources */ = {isa = PBXBuildFile; fileRef = D877BB8928DA735A004421BF /* TopStoriesListVC.swift */; };
		D877BB8C28DA73B6004421BF /* TopStoriesListVM.swift in Sources */ = {isa = PBXBuildFile; fileRef = D877BB8B28DA73B6004421BF /* TopStoriesListVM.swift */; };
		D877BB9228DA7485004421BF /* UIImageView+Extension.swift in Sources */ = {isa = PBXBuildFile; fileRef = D877BB8F28DA7485004421BF /* UIImageView+Extension.swift */; };
		D877BB9328DA7485004421BF /* UIFont+Extension.swift in Sources */ = {isa = PBXBuildFile; fileRef = D877BB9028DA7485004421BF /* UIFont+Extension.swift */; };
		D877BB9428DA7485004421BF /* UIView+Extension.swift in Sources */ = {isa = PBXBuildFile; fileRef = D877BB9128DA7485004421BF /* UIView+Extension.swift */; };
		D877BB9728DA7577004421BF /* CategoryMenuBar.swift in Sources */ = {isa = PBXBuildFile; fileRef = D877BB9628DA7577004421BF /* CategoryMenuBar.swift */; };
		D877BB9928DA75E2004421BF /* CategoryMenuCell.swift in Sources */ = {isa = PBXBuildFile; fileRef = D877BB9828DA75E2004421BF /* CategoryMenuCell.swift */; };
		D885946728DBCA8300B92064 /* TopStoriesModelTest.swift in Sources */ = {isa = PBXBuildFile; fileRef = D885946628DBCA8300B92064 /* TopStoriesModelTest.swift */; };
		D88F645228DA7A9C00C7CCA6 /* StoryCell.xib in Resources */ = {isa = PBXBuildFile; fileRef = D88F645128DA781A00C7CCA6 /* StoryCell.xib */; };
		D88F645328DA7AA200C7CCA6 /* StoryCell.swift in Sources */ = {isa = PBXBuildFile; fileRef = D88F645028DA781A00C7CCA6 /* StoryCell.swift */; };
		D88F645528DA7AD600C7CCA6 /* ImageLoader.swift in Sources */ = {isa = PBXBuildFile; fileRef = D88F645428DA7AD600C7CCA6 /* ImageLoader.swift */; };
		D88F645828DA7D1700C7CCA6 /* NYStoryDetailView.swift in Sources */ = {isa = PBXBuildFile; fileRef = D88F645728DA7D1700C7CCA6 /* NYStoryDetailView.swift */; };
		D88F645A28DA7DF000C7CCA6 /* TopStoriesDetailVC.swift in Sources */ = {isa = PBXBuildFile; fileRef = D88F645928DA7DF000C7CCA6 /* TopStoriesDetailVC.swift */; };
		D88F645C28DA7E3600C7CCA6 /* TopStoriesDetailVM.swift in Sources */ = {isa = PBXBuildFile; fileRef = D88F645B28DA7E3600C7CCA6 /* TopStoriesDetailVM.swift */; };
		D894ED8B28DBD92500CD40E8 /* SplashVCTests.swift in Sources */ = {isa = PBXBuildFile; fileRef = D894ED8A28DBD92500CD40E8 /* SplashVCTests.swift */; };
		D89B04FC28DBC16D00D97411 /* HTTPMethodTest.swift in Sources */ = {isa = PBXBuildFile; fileRef = D89B04FB28DBC16D00D97411 /* HTTPMethodTest.swift */; };
		D89B04FE28DBC21C00D97411 /* NYTopStoriesEndpointTest.swift in Sources */ = {isa = PBXBuildFile; fileRef = D89B04FD28DBC21C00D97411 /* NYTopStoriesEndpointTest.swift */; };
		D89C284228DBDF2000D2B895 /* TopStoriesVCTests.swift in Sources */ = {isa = PBXBuildFile; fileRef = D89C284128DBDF2000D2B895 /* TopStoriesVCTests.swift */; };
/* End PBXBuildFile section */

/* Begin PBXContainerItemProxy section */
		D877BB4A28DA6251004421BF /* PBXContainerItemProxy */ = {
			isa = PBXContainerItemProxy;
			containerPortal = D877BB2B28DA624E004421BF /* Project object */;
			proxyType = 1;
			remoteGlobalIDString = D877BB3228DA624E004421BF;
			remoteInfo = NYTimesTopStoriesApp;
		};
		D877BB5428DA6251004421BF /* PBXContainerItemProxy */ = {
			isa = PBXContainerItemProxy;
			containerPortal = D877BB2B28DA624E004421BF /* Project object */;
			proxyType = 1;
			remoteGlobalIDString = D877BB3228DA624E004421BF;
			remoteInfo = NYTimesTopStoriesApp;
		};
/* End PBXContainerItemProxy section */

/* Begin PBXFileReference section */
		D877BB3328DA624E004421BF /* NYTimesTopStoriesApp.app */ = {isa = PBXFileReference; explicitFileType = wrapper.application; includeInIndex = 0; path = NYTimesTopStoriesApp.app; sourceTree = BUILT_PRODUCTS_DIR; };
		D877BB3628DA624E004421BF /* AppDelegate.swift */ = {isa = PBXFileReference; lastKnownFileType = sourcecode.swift; path = AppDelegate.swift; sourceTree = "<group>"; };
		D877BB3828DA624E004421BF /* SceneDelegate.swift */ = {isa = PBXFileReference; lastKnownFileType = sourcecode.swift; path = SceneDelegate.swift; sourceTree = "<group>"; };
		D877BB3D28DA624E004421BF /* Base */ = {isa = PBXFileReference; lastKnownFileType = file.storyboard; name = Base; path = Base.lproj/Main.storyboard; sourceTree = "<group>"; };
		D877BB3F28DA6251004421BF /* Assets.xcassets */ = {isa = PBXFileReference; lastKnownFileType = folder.assetcatalog; path = Assets.xcassets; sourceTree = "<group>"; };
		D877BB4228DA6251004421BF /* Base */ = {isa = PBXFileReference; lastKnownFileType = file.storyboard; name = Base; path = Base.lproj/LaunchScreen.storyboard; sourceTree = "<group>"; };
		D877BB4428DA6251004421BF /* Info.plist */ = {isa = PBXFileReference; lastKnownFileType = text.plist.xml; path = Info.plist; sourceTree = "<group>"; };
		D877BB4928DA6251004421BF /* NYTimesTopStoriesAppTests.xctest */ = {isa = PBXFileReference; explicitFileType = wrapper.cfbundle; includeInIndex = 0; path = NYTimesTopStoriesAppTests.xctest; sourceTree = BUILT_PRODUCTS_DIR; };
		D877BB4D28DA6251004421BF /* NYTimesTopStoriesAppTests.swift */ = {isa = PBXFileReference; lastKnownFileType = sourcecode.swift; path = NYTimesTopStoriesAppTests.swift; sourceTree = "<group>"; };
		D877BB5328DA6251004421BF /* NYTimesTopStoriesAppUITests.xctest */ = {isa = PBXFileReference; explicitFileType = wrapper.cfbundle; includeInIndex = 0; path = NYTimesTopStoriesAppUITests.xctest; sourceTree = BUILT_PRODUCTS_DIR; };
		D877BB5728DA6251004421BF /* NYTimesTopStoriesAppUITests.swift */ = {isa = PBXFileReference; lastKnownFileType = sourcecode.swift; path = NYTimesTopStoriesAppUITests.swift; sourceTree = "<group>"; };
		D877BB5928DA6252004421BF /* NYTimesTopStoriesAppUITestsLaunchTests.swift */ = {isa = PBXFileReference; lastKnownFileType = sourcecode.swift; path = NYTimesTopStoriesAppUITestsLaunchTests.swift; sourceTree = "<group>"; };
		D877BB6728DA6705004421BF /* Network.swift */ = {isa = PBXFileReference; lastKnownFileType = sourcecode.swift; path = Network.swift; sourceTree = "<group>"; };
		D877BB6928DA6783004421BF /* NYError.swift */ = {isa = PBXFileReference; lastKnownFileType = sourcecode.swift; path = NYError.swift; sourceTree = "<group>"; };
		D877BB6B28DA67BC004421BF /* Endpoint.swift */ = {isa = PBXFileReference; lastKnownFileType = sourcecode.swift; path = Endpoint.swift; sourceTree = "<group>"; };
		D877BB6D28DA67DC004421BF /* HTTPMethod.swift */ = {isa = PBXFileReference; lastKnownFileType = sourcecode.swift; path = HTTPMethod.swift; sourceTree = "<group>"; };
		D877BB7028DA6996004421BF /* StoryboardInstantiable.swift */ = {isa = PBXFileReference; lastKnownFileType = sourcecode.swift; path = StoryboardInstantiable.swift; sourceTree = "<group>"; };
		D877BB7228DA69A8004421BF /* ViewModel.swift */ = {isa = PBXFileReference; lastKnownFileType = sourcecode.swift; path = ViewModel.swift; sourceTree = "<group>"; };
		D877BB7428DA69C3004421BF /* BaseViewController.swift */ = {isa = PBXFileReference; lastKnownFileType = sourcecode.swift; path = BaseViewController.swift; sourceTree = "<group>"; };
		D877BB7628DA6BA1004421BF /* SplashVC.swift */ = {isa = PBXFileReference; lastKnownFileType = sourcecode.swift; path = SplashVC.swift; sourceTree = "<group>"; };
		D877BB7C28DA6C9B004421BF /* SplashVM.swift */ = {isa = PBXFileReference; lastKnownFileType = sourcecode.swift; path = SplashVM.swift; sourceTree = "<group>"; };
		D877BB7F28DA6CED004421BF /* NYTopStoriesResponse.swift */ = {isa = PBXFileReference; lastKnownFileType = sourcecode.swift; path = NYTopStoriesResponse.swift; sourceTree = "<group>"; };
		D877BB8128DA6ECB004421BF /* NYTTopStoriesEndpoint.swift */ = {isa = PBXFileReference; lastKnownFileType = sourcecode.swift; path = NYTTopStoriesEndpoint.swift; sourceTree = "<group>"; };
		D877BB8428DA712A004421BF /* AlertUtil.swift */ = {isa = PBXFileReference; lastKnownFileType = sourcecode.swift; path = AlertUtil.swift; sourceTree = "<group>"; };
		D877BB8728DA72A3004421BF /* ViewCodeConfiguration.swift */ = {isa = PBXFileReference; lastKnownFileType = sourcecode.swift; path = ViewCodeConfiguration.swift; sourceTree = "<group>"; };
		D877BB8928DA735A004421BF /* TopStoriesListVC.swift */ = {isa = PBXFileReference; lastKnownFileType = sourcecode.swift; path = TopStoriesListVC.swift; sourceTree = "<group>"; };
		D877BB8B28DA73B6004421BF /* TopStoriesListVM.swift */ = {isa = PBXFileReference; lastKnownFileType = sourcecode.swift; path = TopStoriesListVM.swift; sourceTree = "<group>"; };
		D877BB8F28DA7485004421BF /* UIImageView+Extension.swift */ = {isa = PBXFileReference; fileEncoding = 4; lastKnownFileType = sourcecode.swift; path = "UIImageView+Extension.swift"; sourceTree = "<group>"; };
		D877BB9028DA7485004421BF /* UIFont+Extension.swift */ = {isa = PBXFileReference; fileEncoding = 4; lastKnownFileType = sourcecode.swift; path = "UIFont+Extension.swift"; sourceTree = "<group>"; };
		D877BB9128DA7485004421BF /* UIView+Extension.swift */ = {isa = PBXFileReference; fileEncoding = 4; lastKnownFileType = sourcecode.swift; path = "UIView+Extension.swift"; sourceTree = "<group>"; };
		D877BB9628DA7577004421BF /* CategoryMenuBar.swift */ = {isa = PBXFileReference; lastKnownFileType = sourcecode.swift; path = CategoryMenuBar.swift; sourceTree = "<group>"; };
		D877BB9828DA75E2004421BF /* CategoryMenuCell.swift */ = {isa = PBXFileReference; lastKnownFileType = sourcecode.swift; path = CategoryMenuCell.swift; sourceTree = "<group>"; };
		D885946628DBCA8300B92064 /* TopStoriesModelTest.swift */ = {isa = PBXFileReference; lastKnownFileType = sourcecode.swift; path = TopStoriesModelTest.swift; sourceTree = "<group>"; };
		D88F645028DA781A00C7CCA6 /* StoryCell.swift */ = {isa = PBXFileReference; lastKnownFileType = sourcecode.swift; path = StoryCell.swift; sourceTree = "<group>"; };
		D88F645128DA781A00C7CCA6 /* StoryCell.xib */ = {isa = PBXFileReference; lastKnownFileType = file.xib; path = StoryCell.xib; sourceTree = "<group>"; };
		D88F645428DA7AD600C7CCA6 /* ImageLoader.swift */ = {isa = PBXFileReference; lastKnownFileType = sourcecode.swift; path = ImageLoader.swift; sourceTree = "<group>"; };
		D88F645728DA7D1700C7CCA6 /* NYStoryDetailView.swift */ = {isa = PBXFileReference; lastKnownFileType = sourcecode.swift; path = NYStoryDetailView.swift; sourceTree = "<group>"; };
		D88F645928DA7DF000C7CCA6 /* TopStoriesDetailVC.swift */ = {isa = PBXFileReference; lastKnownFileType = sourcecode.swift; path = TopStoriesDetailVC.swift; sourceTree = "<group>"; };
		D88F645B28DA7E3600C7CCA6 /* TopStoriesDetailVM.swift */ = {isa = PBXFileReference; lastKnownFileType = sourcecode.swift; path = TopStoriesDetailVM.swift; sourceTree = "<group>"; };
		D894ED8A28DBD92500CD40E8 /* SplashVCTests.swift */ = {isa = PBXFileReference; lastKnownFileType = sourcecode.swift; path = SplashVCTests.swift; sourceTree = "<group>"; };
		D89B04FB28DBC16D00D97411 /* HTTPMethodTest.swift */ = {isa = PBXFileReference; lastKnownFileType = sourcecode.swift; path = HTTPMethodTest.swift; sourceTree = "<group>"; };
		D89B04FD28DBC21C00D97411 /* NYTopStoriesEndpointTest.swift */ = {isa = PBXFileReference; lastKnownFileType = sourcecode.swift; path = NYTopStoriesEndpointTest.swift; sourceTree = "<group>"; };
		D89C284128DBDF2000D2B895 /* TopStoriesVCTests.swift */ = {isa = PBXFileReference; lastKnownFileType = sourcecode.swift; path = TopStoriesVCTests.swift; sourceTree = "<group>"; };
/* End PBXFileReference section */

/* Begin PBXFrameworksBuildPhase section */
		D877BB3028DA624E004421BF /* Frameworks */ = {
			isa = PBXFrameworksBuildPhase;
			buildActionMask = 2147483647;
			files = (
			);
			runOnlyForDeploymentPostprocessing = 0;
		};
		D877BB4628DA6251004421BF /* Frameworks */ = {
			isa = PBXFrameworksBuildPhase;
			buildActionMask = 2147483647;
			files = (
			);
			runOnlyForDeploymentPostprocessing = 0;
		};
		D877BB5028DA6251004421BF /* Frameworks */ = {
			isa = PBXFrameworksBuildPhase;
			buildActionMask = 2147483647;
			files = (
			);
			runOnlyForDeploymentPostprocessing = 0;
		};
/* End PBXFrameworksBuildPhase section */

/* Begin PBXGroup section */
		D877BB2A28DA624E004421BF = {
			isa = PBXGroup;
			children = (
				D877BB3528DA624E004421BF /* NYTimesTopStoriesApp */,
				D877BB4C28DA6251004421BF /* NYTimesTopStoriesAppTests */,
				D877BB5628DA6251004421BF /* NYTimesTopStoriesAppUITests */,
				D877BB3428DA624E004421BF /* Products */,
			);
			sourceTree = "<group>";
		};
		D877BB3428DA624E004421BF /* Products */ = {
			isa = PBXGroup;
			children = (
				D877BB3328DA624E004421BF /* NYTimesTopStoriesApp.app */,
				D877BB4928DA6251004421BF /* NYTimesTopStoriesAppTests.xctest */,
				D877BB5328DA6251004421BF /* NYTimesTopStoriesAppUITests.xctest */,
			);
			name = Products;
			sourceTree = "<group>";
		};
		D877BB3528DA624E004421BF /* NYTimesTopStoriesApp */ = {
			isa = PBXGroup;
			children = (
				D877BB9528DA755F004421BF /* Views */,
				D877BB7828DA6BF4004421BF /* ViewControllers */,
				D877BB7B28DA6C88004421BF /* ViewModels */,
				D877BB7E28DA6CCF004421BF /* Models */,
				D877BB8D28DA744F004421BF /* Core */,
				D877BB8628DA7283004421BF /* Protocols */,
				D877BB8328DA711A004421BF /* Utils */,
				D877BB6F28DA6937004421BF /* UI */,
				D877BB6628DA66F0004421BF /* Network */,
				D877BB3628DA624E004421BF /* AppDelegate.swift */,
				D877BB3828DA624E004421BF /* SceneDelegate.swift */,
				D877BB3C28DA624E004421BF /* Main.storyboard */,
				D877BB3F28DA6251004421BF /* Assets.xcassets */,
				D877BB4128DA6251004421BF /* LaunchScreen.storyboard */,
				D877BB4428DA6251004421BF /* Info.plist */,
			);
			path = NYTimesTopStoriesApp;
			sourceTree = "<group>";
		};
		D877BB4C28DA6251004421BF /* NYTimesTopStoriesAppTests */ = {
			isa = PBXGroup;
			children = (
				D877BB4D28DA6251004421BF /* NYTimesTopStoriesAppTests.swift */,
				D89B04FB28DBC16D00D97411 /* HTTPMethodTest.swift */,
				D89B04FD28DBC21C00D97411 /* NYTopStoriesEndpointTest.swift */,
				D885946628DBCA8300B92064 /* TopStoriesModelTest.swift */,
				D894ED8A28DBD92500CD40E8 /* SplashVCTests.swift */,
				D89C284128DBDF2000D2B895 /* TopStoriesVCTests.swift */,
			);
			path = NYTimesTopStoriesAppTests;
			sourceTree = "<group>";
		};
		D877BB5628DA6251004421BF /* NYTimesTopStoriesAppUITests */ = {
			isa = PBXGroup;
			children = (
				D877BB5728DA6251004421BF /* NYTimesTopStoriesAppUITests.swift */,
				D877BB5928DA6252004421BF /* NYTimesTopStoriesAppUITestsLaunchTests.swift */,
			);
			path = NYTimesTopStoriesAppUITests;
			sourceTree = "<group>";
		};
		D877BB6628DA66F0004421BF /* Network */ = {
			isa = PBXGroup;
			children = (
				D877BB6728DA6705004421BF /* Network.swift */,
				D877BB6928DA6783004421BF /* NYError.swift */,
				D877BB6B28DA67BC004421BF /* Endpoint.swift */,
				D877BB6D28DA67DC004421BF /* HTTPMethod.swift */,
				D877BB8128DA6ECB004421BF /* NYTTopStoriesEndpoint.swift */,
			);
			path = Network;
			sourceTree = "<group>";
		};
		D877BB6F28DA6937004421BF /* UI */ = {
			isa = PBXGroup;
			children = (
				D877BB7228DA69A8004421BF /* ViewModel.swift */,
				D877BB7428DA69C3004421BF /* BaseViewController.swift */,
			);
			path = UI;
			sourceTree = "<group>";
		};
		D877BB7828DA6BF4004421BF /* ViewControllers */ = {
			isa = PBXGroup;
			children = (
				D877BB7628DA6BA1004421BF /* SplashVC.swift */,
				D877BB8928DA735A004421BF /* TopStoriesListVC.swift */,
				D88F645928DA7DF000C7CCA6 /* TopStoriesDetailVC.swift */,
			);
			path = ViewControllers;
			sourceTree = "<group>";
		};
		D877BB7B28DA6C88004421BF /* ViewModels */ = {
			isa = PBXGroup;
			children = (
				D877BB7C28DA6C9B004421BF /* SplashVM.swift */,
				D877BB8B28DA73B6004421BF /* TopStoriesListVM.swift */,
				D88F645B28DA7E3600C7CCA6 /* TopStoriesDetailVM.swift */,
			);
			path = ViewModels;
			sourceTree = "<group>";
		};
		D877BB7E28DA6CCF004421BF /* Models */ = {
			isa = PBXGroup;
			children = (
				D877BB7F28DA6CED004421BF /* NYTopStoriesResponse.swift */,
			);
			path = Models;
			sourceTree = "<group>";
		};
		D877BB8328DA711A004421BF /* Utils */ = {
			isa = PBXGroup;
			children = (
				D877BB8428DA712A004421BF /* AlertUtil.swift */,
				D88F645428DA7AD600C7CCA6 /* ImageLoader.swift */,
			);
			path = Utils;
			sourceTree = "<group>";
		};
		D877BB8628DA7283004421BF /* Protocols */ = {
			isa = PBXGroup;
			children = (
				D877BB7028DA6996004421BF /* StoryboardInstantiable.swift */,
				D877BB8728DA72A3004421BF /* ViewCodeConfiguration.swift */,
			);
			path = Protocols;
			sourceTree = "<group>";
		};
		D877BB8D28DA744F004421BF /* Core */ = {
			isa = PBXGroup;
			children = (
				D877BB8E28DA7456004421BF /* Extensions */,
			);
			path = Core;
			sourceTree = "<group>";
		};
		D877BB8E28DA7456004421BF /* Extensions */ = {
			isa = PBXGroup;
			children = (
				D877BB9028DA7485004421BF /* UIFont+Extension.swift */,
				D877BB8F28DA7485004421BF /* UIImageView+Extension.swift */,
				D877BB9128DA7485004421BF /* UIView+Extension.swift */,
			);
			path = Extensions;
			sourceTree = "<group>";
		};
		D877BB9528DA755F004421BF /* Views */ = {
			isa = PBXGroup;
			children = (
				D88F645628DA7CEE00C7CCA6 /* DetailView */,
				D88F644F28DA781A00C7CCA6 /* TableViewCells */,
				D877BB9A28DA7636004421BF /* CategoryMenuComponents */,
			);
			path = Views;
			sourceTree = "<group>";
		};
		D877BB9A28DA7636004421BF /* CategoryMenuComponents */ = {
			isa = PBXGroup;
			children = (
				D877BB9628DA7577004421BF /* CategoryMenuBar.swift */,
				D877BB9828DA75E2004421BF /* CategoryMenuCell.swift */,
			);
			path = CategoryMenuComponents;
			sourceTree = "<group>";
		};
		D88F644F28DA781A00C7CCA6 /* TableViewCells */ = {
			isa = PBXGroup;
			children = (
				D88F645028DA781A00C7CCA6 /* StoryCell.swift */,
				D88F645128DA781A00C7CCA6 /* StoryCell.xib */,
			);
			path = TableViewCells;
			sourceTree = "<group>";
		};
		D88F645628DA7CEE00C7CCA6 /* DetailView */ = {
			isa = PBXGroup;
			children = (
				D88F645728DA7D1700C7CCA6 /* NYStoryDetailView.swift */,
			);
			path = DetailView;
			sourceTree = "<group>";
		};
/* End PBXGroup section */

/* Begin PBXNativeTarget section */
		D877BB3228DA624E004421BF /* NYTimesTopStoriesApp */ = {
			isa = PBXNativeTarget;
			buildConfigurationList = D877BB5D28DA6252004421BF /* Build configuration list for PBXNativeTarget "NYTimesTopStoriesApp" */;
			buildPhases = (
				D877BB2F28DA624E004421BF /* Sources */,
				D877BB3028DA624E004421BF /* Frameworks */,
				D877BB3128DA624E004421BF /* Resources */,
			);
			buildRules = (
			);
			dependencies = (
			);
			name = NYTimesTopStoriesApp;
			productName = NYTimesTopStoriesApp;
			productReference = D877BB3328DA624E004421BF /* NYTimesTopStoriesApp.app */;
			productType = "com.apple.product-type.application";
		};
		D877BB4828DA6251004421BF /* NYTimesTopStoriesAppTests */ = {
			isa = PBXNativeTarget;
			buildConfigurationList = D877BB6028DA6252004421BF /* Build configuration list for PBXNativeTarget "NYTimesTopStoriesAppTests" */;
			buildPhases = (
				D877BB4528DA6251004421BF /* Sources */,
				D877BB4628DA6251004421BF /* Frameworks */,
				D877BB4728DA6251004421BF /* Resources */,
			);
			buildRules = (
			);
			dependencies = (
				D877BB4B28DA6251004421BF /* PBXTargetDependency */,
			);
			name = NYTimesTopStoriesAppTests;
			productName = NYTimesTopStoriesAppTests;
			productReference = D877BB4928DA6251004421BF /* NYTimesTopStoriesAppTests.xctest */;
			productType = "com.apple.product-type.bundle.unit-test";
		};
		D877BB5228DA6251004421BF /* NYTimesTopStoriesAppUITests */ = {
			isa = PBXNativeTarget;
			buildConfigurationList = D877BB6328DA6252004421BF /* Build configuration list for PBXNativeTarget "NYTimesTopStoriesAppUITests" */;
			buildPhases = (
				D877BB4F28DA6251004421BF /* Sources */,
				D877BB5028DA6251004421BF /* Frameworks */,
				D877BB5128DA6251004421BF /* Resources */,
			);
			buildRules = (
			);
			dependencies = (
				D877BB5528DA6251004421BF /* PBXTargetDependency */,
			);
			name = NYTimesTopStoriesAppUITests;
			productName = NYTimesTopStoriesAppUITests;
			productReference = D877BB5328DA6251004421BF /* NYTimesTopStoriesAppUITests.xctest */;
			productType = "com.apple.product-type.bundle.ui-testing";
		};
/* End PBXNativeTarget section */

/* Begin PBXProject section */
		D877BB2B28DA624E004421BF /* Project object */ = {
			isa = PBXProject;
			attributes = {
				BuildIndependentTargetsInParallel = 1;
				LastSwiftUpdateCheck = 1400;
				LastUpgradeCheck = 1400;
				TargetAttributes = {
					D877BB3228DA624E004421BF = {
						CreatedOnToolsVersion = 14.0.1;
					};
					D877BB4828DA6251004421BF = {
						CreatedOnToolsVersion = 14.0.1;
						TestTargetID = D877BB3228DA624E004421BF;
					};
					D877BB5228DA6251004421BF = {
						CreatedOnToolsVersion = 14.0.1;
						TestTargetID = D877BB3228DA624E004421BF;
					};
				};
			};
			buildConfigurationList = D877BB2E28DA624E004421BF /* Build configuration list for PBXProject "NYTimesTopStoriesApp" */;
			compatibilityVersion = "Xcode 14.0";
			developmentRegion = en;
			hasScannedForEncodings = 0;
			knownRegions = (
				en,
				Base,
			);
			mainGroup = D877BB2A28DA624E004421BF;
			productRefGroup = D877BB3428DA624E004421BF /* Products */;
			projectDirPath = "";
			projectRoot = "";
			targets = (
				D877BB3228DA624E004421BF /* NYTimesTopStoriesApp */,
				D877BB4828DA6251004421BF /* NYTimesTopStoriesAppTests */,
				D877BB5228DA6251004421BF /* NYTimesTopStoriesAppUITests */,
			);
		};
/* End PBXProject section */

/* Begin PBXResourcesBuildPhase section */
		D877BB3128DA624E004421BF /* Resources */ = {
			isa = PBXResourcesBuildPhase;
			buildActionMask = 2147483647;
			files = (
				D877BB4328DA6251004421BF /* LaunchScreen.storyboard in Resources */,
				D877BB4028DA6251004421BF /* Assets.xcassets in Resources */,
				D877BB3E28DA624E004421BF /* Main.storyboard in Resources */,
				D88F645228DA7A9C00C7CCA6 /* StoryCell.xib in Resources */,
			);
			runOnlyForDeploymentPostprocessing = 0;
		};
		D877BB4728DA6251004421BF /* Resources */ = {
			isa = PBXResourcesBuildPhase;
			buildActionMask = 2147483647;
			files = (
			);
			runOnlyForDeploymentPostprocessing = 0;
		};
		D877BB5128DA6251004421BF /* Resources */ = {
			isa = PBXResourcesBuildPhase;
			buildActionMask = 2147483647;
			files = (
			);
			runOnlyForDeploymentPostprocessing = 0;
		};
/* End PBXResourcesBuildPhase section */

/* Begin PBXSourcesBuildPhase section */
		D877BB2F28DA624E004421BF /* Sources */ = {
			isa = PBXSourcesBuildPhase;
			buildActionMask = 2147483647;
			files = (
				D88F645328DA7AA200C7CCA6 /* StoryCell.swift in Sources */,
				D877BB8828DA72A3004421BF /* ViewCodeConfiguration.swift in Sources */,
				D877BB9328DA7485004421BF /* UIFont+Extension.swift in Sources */,
				D877BB8028DA6CED004421BF /* NYTopStoriesResponse.swift in Sources */,
				D877BB8A28DA735A004421BF /* TopStoriesListVC.swift in Sources */,
				D877BB7328DA69A8004421BF /* ViewModel.swift in Sources */,
				D877BB6A28DA6783004421BF /* NYError.swift in Sources */,
				D877BB6E28DA67DC004421BF /* HTTPMethod.swift in Sources */,
				D877BB3728DA624E004421BF /* AppDelegate.swift in Sources */,
				D877BB9728DA7577004421BF /* CategoryMenuBar.swift in Sources */,
				D877BB7728DA6BA1004421BF /* SplashVC.swift in Sources */,
				D877BB7528DA69C3004421BF /* BaseViewController.swift in Sources */,
				D877BB8228DA6ECB004421BF /* NYTTopStoriesEndpoint.swift in Sources */,
				D877BB6828DA6705004421BF /* Network.swift in Sources */,
				D88F645528DA7AD600C7CCA6 /* ImageLoader.swift in Sources */,
				D877BB6C28DA67BC004421BF /* Endpoint.swift in Sources */,
				D877BB9928DA75E2004421BF /* CategoryMenuCell.swift in Sources */,
				D877BB9228DA7485004421BF /* UIImageView+Extension.swift in Sources */,
				D88F645828DA7D1700C7CCA6 /* NYStoryDetailView.swift in Sources */,
				D877BB8C28DA73B6004421BF /* TopStoriesListVM.swift in Sources */,
				D877BB8528DA712A004421BF /* AlertUtil.swift in Sources */,
				D877BB7128DA6996004421BF /* StoryboardInstantiable.swift in Sources */,
				D877BB3928DA624E004421BF /* SceneDelegate.swift in Sources */,
				D88F645A28DA7DF000C7CCA6 /* TopStoriesDetailVC.swift in Sources */,
				D877BB9428DA7485004421BF /* UIView+Extension.swift in Sources */,
				D877BB7D28DA6C9B004421BF /* SplashVM.swift in Sources */,
				D88F645C28DA7E3600C7CCA6 /* TopStoriesDetailVM.swift in Sources */,
			);
			runOnlyForDeploymentPostprocessing = 0;
		};
		D877BB4528DA6251004421BF /* Sources */ = {
			isa = PBXSourcesBuildPhase;
			buildActionMask = 2147483647;
			files = (
				D89B04FC28DBC16D00D97411 /* HTTPMethodTest.swift in Sources */,
				D885946728DBCA8300B92064 /* TopStoriesModelTest.swift in Sources */,
				D89C284228DBDF2000D2B895 /* TopStoriesVCTests.swift in Sources */,
				D894ED8B28DBD92500CD40E8 /* SplashVCTests.swift in Sources */,
				D877BB4E28DA6251004421BF /* NYTimesTopStoriesAppTests.swift in Sources */,
				D89B04FE28DBC21C00D97411 /* NYTopStoriesEndpointTest.swift in Sources */,
			);
			runOnlyForDeploymentPostprocessing = 0;
		};
		D877BB4F28DA6251004421BF /* Sources */ = {
			isa = PBXSourcesBuildPhase;
			buildActionMask = 2147483647;
			files = (
				D877BB5A28DA6252004421BF /* NYTimesTopStoriesAppUITestsLaunchTests.swift in Sources */,
				D877BB5828DA6251004421BF /* NYTimesTopStoriesAppUITests.swift in Sources */,
			);
			runOnlyForDeploymentPostprocessing = 0;
		};
/* End PBXSourcesBuildPhase section */

/* Begin PBXTargetDependency section */
		D877BB4B28DA6251004421BF /* PBXTargetDependency */ = {
			isa = PBXTargetDependency;
			target = D877BB3228DA624E004421BF /* NYTimesTopStoriesApp */;
			targetProxy = D877BB4A28DA6251004421BF /* PBXContainerItemProxy */;
		};
		D877BB5528DA6251004421BF /* PBXTargetDependency */ = {
			isa = PBXTargetDependency;
			target = D877BB3228DA624E004421BF /* NYTimesTopStoriesApp */;
			targetProxy = D877BB5428DA6251004421BF /* PBXContainerItemProxy */;
		};
/* End PBXTargetDependency section */

/* Begin PBXVariantGroup section */
		D877BB3C28DA624E004421BF /* Main.storyboard */ = {
			isa = PBXVariantGroup;
			children = (
				D877BB3D28DA624E004421BF /* Base */,
			);
			name = Main.storyboard;
			sourceTree = "<group>";
		};
		D877BB4128DA6251004421BF /* LaunchScreen.storyboard */ = {
			isa = PBXVariantGroup;
			children = (
				D877BB4228DA6251004421BF /* Base */,
			);
			name = LaunchScreen.storyboard;
			sourceTree = "<group>";
		};
/* End PBXVariantGroup section */

/* Begin XCBuildConfiguration section */
		D877BB5B28DA6252004421BF /* Debug */ = {
			isa = XCBuildConfiguration;
			buildSettings = {
				ALWAYS_SEARCH_USER_PATHS = NO;
				CLANG_ANALYZER_NONNULL = YES;
				CLANG_ANALYZER_NUMBER_OBJECT_CONVERSION = YES_AGGRESSIVE;
				CLANG_CXX_LANGUAGE_STANDARD = "gnu++20";
				CLANG_ENABLE_MODULES = YES;
				CLANG_ENABLE_OBJC_ARC = YES;
				CLANG_ENABLE_OBJC_WEAK = YES;
				CLANG_WARN_BLOCK_CAPTURE_AUTORELEASING = YES;
				CLANG_WARN_BOOL_CONVERSION = YES;
				CLANG_WARN_COMMA = YES;
				CLANG_WARN_CONSTANT_CONVERSION = YES;
				CLANG_WARN_DEPRECATED_OBJC_IMPLEMENTATIONS = YES;
				CLANG_WARN_DIRECT_OBJC_ISA_USAGE = YES_ERROR;
				CLANG_WARN_DOCUMENTATION_COMMENTS = YES;
				CLANG_WARN_EMPTY_BODY = YES;
				CLANG_WARN_ENUM_CONVERSION = YES;
				CLANG_WARN_INFINITE_RECURSION = YES;
				CLANG_WARN_INT_CONVERSION = YES;
				CLANG_WARN_NON_LITERAL_NULL_CONVERSION = YES;
				CLANG_WARN_OBJC_IMPLICIT_RETAIN_SELF = YES;
				CLANG_WARN_OBJC_LITERAL_CONVERSION = YES;
				CLANG_WARN_OBJC_ROOT_CLASS = YES_ERROR;
				CLANG_WARN_QUOTED_INCLUDE_IN_FRAMEWORK_HEADER = YES;
				CLANG_WARN_RANGE_LOOP_ANALYSIS = YES;
				CLANG_WARN_STRICT_PROTOTYPES = YES;
				CLANG_WARN_SUSPICIOUS_MOVE = YES;
				CLANG_WARN_UNGUARDED_AVAILABILITY = YES_AGGRESSIVE;
				CLANG_WARN_UNREACHABLE_CODE = YES;
				CLANG_WARN__DUPLICATE_METHOD_MATCH = YES;
				COPY_PHASE_STRIP = NO;
				DEBUG_INFORMATION_FORMAT = dwarf;
				ENABLE_STRICT_OBJC_MSGSEND = YES;
				ENABLE_TESTABILITY = YES;
				GCC_C_LANGUAGE_STANDARD = gnu11;
				GCC_DYNAMIC_NO_PIC = NO;
				GCC_NO_COMMON_BLOCKS = YES;
				GCC_OPTIMIZATION_LEVEL = 0;
				GCC_PREPROCESSOR_DEFINITIONS = (
					"DEBUG=1",
					"$(inherited)",
				);
				GCC_WARN_64_TO_32_BIT_CONVERSION = YES;
				GCC_WARN_ABOUT_RETURN_TYPE = YES_ERROR;
				GCC_WARN_UNDECLARED_SELECTOR = YES;
				GCC_WARN_UNINITIALIZED_AUTOS = YES_AGGRESSIVE;
				GCC_WARN_UNUSED_FUNCTION = YES;
				GCC_WARN_UNUSED_VARIABLE = YES;
				IPHONEOS_DEPLOYMENT_TARGET = 16.0;
				MTL_ENABLE_DEBUG_INFO = INCLUDE_SOURCE;
				MTL_FAST_MATH = YES;
				ONLY_ACTIVE_ARCH = YES;
				SDKROOT = iphoneos;
				SWIFT_ACTIVE_COMPILATION_CONDITIONS = DEBUG;
				SWIFT_OPTIMIZATION_LEVEL = "-Onone";
			};
			name = Debug;
		};
		D877BB5C28DA6252004421BF /* Release */ = {
			isa = XCBuildConfiguration;
			buildSettings = {
				ALWAYS_SEARCH_USER_PATHS = NO;
				CLANG_ANALYZER_NONNULL = YES;
				CLANG_ANALYZER_NUMBER_OBJECT_CONVERSION = YES_AGGRESSIVE;
				CLANG_CXX_LANGUAGE_STANDARD = "gnu++20";
				CLANG_ENABLE_MODULES = YES;
				CLANG_ENABLE_OBJC_ARC = YES;
				CLANG_ENABLE_OBJC_WEAK = YES;
				CLANG_WARN_BLOCK_CAPTURE_AUTORELEASING = YES;
				CLANG_WARN_BOOL_CONVERSION = YES;
				CLANG_WARN_COMMA = YES;
				CLANG_WARN_CONSTANT_CONVERSION = YES;
				CLANG_WARN_DEPRECATED_OBJC_IMPLEMENTATIONS = YES;
				CLANG_WARN_DIRECT_OBJC_ISA_USAGE = YES_ERROR;
				CLANG_WARN_DOCUMENTATION_COMMENTS = YES;
				CLANG_WARN_EMPTY_BODY = YES;
				CLANG_WARN_ENUM_CONVERSION = YES;
				CLANG_WARN_INFINITE_RECURSION = YES;
				CLANG_WARN_INT_CONVERSION = YES;
				CLANG_WARN_NON_LITERAL_NULL_CONVERSION = YES;
				CLANG_WARN_OBJC_IMPLICIT_RETAIN_SELF = YES;
				CLANG_WARN_OBJC_LITERAL_CONVERSION = YES;
				CLANG_WARN_OBJC_ROOT_CLASS = YES_ERROR;
				CLANG_WARN_QUOTED_INCLUDE_IN_FRAMEWORK_HEADER = YES;
				CLANG_WARN_RANGE_LOOP_ANALYSIS = YES;
				CLANG_WARN_STRICT_PROTOTYPES = YES;
				CLANG_WARN_SUSPICIOUS_MOVE = YES;
				CLANG_WARN_UNGUARDED_AVAILABILITY = YES_AGGRESSIVE;
				CLANG_WARN_UNREACHABLE_CODE = YES;
				CLANG_WARN__DUPLICATE_METHOD_MATCH = YES;
				COPY_PHASE_STRIP = NO;
				DEBUG_INFORMATION_FORMAT = "dwarf-with-dsym";
				ENABLE_NS_ASSERTIONS = NO;
				ENABLE_STRICT_OBJC_MSGSEND = YES;
				GCC_C_LANGUAGE_STANDARD = gnu11;
				GCC_NO_COMMON_BLOCKS = YES;
				GCC_WARN_64_TO_32_BIT_CONVERSION = YES;
				GCC_WARN_ABOUT_RETURN_TYPE = YES_ERROR;
				GCC_WARN_UNDECLARED_SELECTOR = YES;
				GCC_WARN_UNINITIALIZED_AUTOS = YES_AGGRESSIVE;
				GCC_WARN_UNUSED_FUNCTION = YES;
				GCC_WARN_UNUSED_VARIABLE = YES;
				IPHONEOS_DEPLOYMENT_TARGET = 16.0;
				MTL_ENABLE_DEBUG_INFO = NO;
				MTL_FAST_MATH = YES;
				SDKROOT = iphoneos;
				SWIFT_COMPILATION_MODE = wholemodule;
				SWIFT_OPTIMIZATION_LEVEL = "-O";
				VALIDATE_PRODUCT = YES;
			};
			name = Release;
		};
		D877BB5E28DA6252004421BF /* Debug */ = {
			isa = XCBuildConfiguration;
			buildSettings = {
				ASSETCATALOG_COMPILER_APPICON_NAME = AppIcon;
				ASSETCATALOG_COMPILER_GLOBAL_ACCENT_COLOR_NAME = AccentColor;
				CODE_SIGN_STYLE = Automatic;
				CURRENT_PROJECT_VERSION = 1;
				GENERATE_INFOPLIST_FILE = YES;
				INFOPLIST_FILE = NYTimesTopStoriesApp/Info.plist;
				INFOPLIST_KEY_UIApplicationSupportsIndirectInputEvents = YES;
				INFOPLIST_KEY_UILaunchStoryboardName = LaunchScreen;
				INFOPLIST_KEY_UIMainStoryboardFile = Main;
				INFOPLIST_KEY_UISupportedInterfaceOrientations = "UIInterfaceOrientationLandscapeLeft UIInterfaceOrientationLandscapeRight UIInterfaceOrientationPortrait";
				IPHONEOS_DEPLOYMENT_TARGET = 12.0;
				LD_RUNPATH_SEARCH_PATHS = (
					"$(inherited)",
					"@executable_path/Frameworks",
				);
				MARKETING_VERSION = 1.0;
				PRODUCT_BUNDLE_IDENTIFIER = com.denizkarahan.NYTimesTopStoriesApp;
				PRODUCT_NAME = "$(TARGET_NAME)";
				SWIFT_EMIT_LOC_STRINGS = YES;
				SWIFT_VERSION = 5.0;
				TARGETED_DEVICE_FAMILY = "1,2";
			};
			name = Debug;
		};
		D877BB5F28DA6252004421BF /* Release */ = {
			isa = XCBuildConfiguration;
			buildSettings = {
				ASSETCATALOG_COMPILER_APPICON_NAME = AppIcon;
				ASSETCATALOG_COMPILER_GLOBAL_ACCENT_COLOR_NAME = AccentColor;
				CODE_SIGN_STYLE = Automatic;
				CURRENT_PROJECT_VERSION = 1;
				GENERATE_INFOPLIST_FILE = YES;
				INFOPLIST_FILE = NYTimesTopStoriesApp/Info.plist;
				INFOPLIST_KEY_UIApplicationSupportsIndirectInputEvents = YES;
				INFOPLIST_KEY_UILaunchStoryboardName = LaunchScreen;
				INFOPLIST_KEY_UIMainStoryboardFile = Main;
				INFOPLIST_KEY_UISupportedInterfaceOrientations = "UIInterfaceOrientationLandscapeLeft UIInterfaceOrientationLandscapeRight UIInterfaceOrientationPortrait";
				IPHONEOS_DEPLOYMENT_TARGET = 12.0;
				LD_RUNPATH_SEARCH_PATHS = (
					"$(inherited)",
					"@executable_path/Frameworks",
				);
				MARKETING_VERSION = 1.0;
				PRODUCT_BUNDLE_IDENTIFIER = com.denizkarahan.NYTimesTopStoriesApp;
				PRODUCT_NAME = "$(TARGET_NAME)";
				SWIFT_EMIT_LOC_STRINGS = YES;
				SWIFT_VERSION = 5.0;
				TARGETED_DEVICE_FAMILY = "1,2";
			};
			name = Release;
		};
		D877BB6128DA6252004421BF /* Debug */ = {
			isa = XCBuildConfiguration;
			buildSettings = {
				ALWAYS_EMBED_SWIFT_STANDARD_LIBRARIES = YES;
				BUNDLE_LOADER = "$(TEST_HOST)";
				CODE_SIGN_STYLE = Automatic;
				CURRENT_PROJECT_VERSION = 1;
				GENERATE_INFOPLIST_FILE = YES;
				IPHONEOS_DEPLOYMENT_TARGET = 16.0;
				MARKETING_VERSION = 1.0;
				PRODUCT_BUNDLE_IDENTIFIER = com.denizkarahan.NYTimesTopStoriesAppTests;
				PRODUCT_NAME = "$(TARGET_NAME)";
				SWIFT_EMIT_LOC_STRINGS = NO;
				SWIFT_VERSION = 5.0;
				TARGETED_DEVICE_FAMILY = "1,2";
				TEST_HOST = "$(BUILT_PRODUCTS_DIR)/NYTimesTopStoriesApp.app/$(BUNDLE_EXECUTABLE_FOLDER_PATH)/NYTimesTopStoriesApp";
			};
			name = Debug;
		};
		D877BB6228DA6252004421BF /* Release */ = {
			isa = XCBuildConfiguration;
			buildSettings = {
				ALWAYS_EMBED_SWIFT_STANDARD_LIBRARIES = YES;
				BUNDLE_LOADER = "$(TEST_HOST)";
				CODE_SIGN_STYLE = Automatic;
				CURRENT_PROJECT_VERSION = 1;
				GENERATE_INFOPLIST_FILE = YES;
				IPHONEOS_DEPLOYMENT_TARGET = 16.0;
				MARKETING_VERSION = 1.0;
				PRODUCT_BUNDLE_IDENTIFIER = com.denizkarahan.NYTimesTopStoriesAppTests;
				PRODUCT_NAME = "$(TARGET_NAME)";
				SWIFT_EMIT_LOC_STRINGS = NO;
				SWIFT_VERSION = 5.0;
				TARGETED_DEVICE_FAMILY = "1,2";
				TEST_HOST = "$(BUILT_PRODUCTS_DIR)/NYTimesTopStoriesApp.app/$(BUNDLE_EXECUTABLE_FOLDER_PATH)/NYTimesTopStoriesApp";
			};
			name = Release;
		};
		D877BB6428DA6252004421BF /* Debug */ = {
			isa = XCBuildConfiguration;
			buildSettings = {
				ALWAYS_EMBED_SWIFT_STANDARD_LIBRARIES = YES;
				CODE_SIGN_STYLE = Automatic;
				CURRENT_PROJECT_VERSION = 1;
				GENERATE_INFOPLIST_FILE = YES;
				MARKETING_VERSION = 1.0;
				PRODUCT_BUNDLE_IDENTIFIER = com.denizkarahan.NYTimesTopStoriesAppUITests;
				PRODUCT_NAME = "$(TARGET_NAME)";
				SWIFT_EMIT_LOC_STRINGS = NO;
				SWIFT_VERSION = 5.0;
				TARGETED_DEVICE_FAMILY = "1,2";
				TEST_TARGET_NAME = NYTimesTopStoriesApp;
			};
			name = Debug;
		};
		D877BB6528DA6252004421BF /* Release */ = {
			isa = XCBuildConfiguration;
			buildSettings = {
				ALWAYS_EMBED_SWIFT_STANDARD_LIBRARIES = YES;
				CODE_SIGN_STYLE = Automatic;
				CURRENT_PROJECT_VERSION = 1;
				GENERATE_INFOPLIST_FILE = YES;
				MARKETING_VERSION = 1.0;
				PRODUCT_BUNDLE_IDENTIFIER = com.denizkarahan.NYTimesTopStoriesAppUITests;
				PRODUCT_NAME = "$(TARGET_NAME)";
				SWIFT_EMIT_LOC_STRINGS = NO;
				SWIFT_VERSION = 5.0;
				TARGETED_DEVICE_FAMILY = "1,2";
				TEST_TARGET_NAME = NYTimesTopStoriesApp;
			};
			name = Release;
		};
/* End XCBuildConfiguration section */

/* Begin XCConfigurationList section */
		D877BB2E28DA624E004421BF /* Build configuration list for PBXProject "NYTimesTopStoriesApp" */ = {
			isa = XCConfigurationList;
			buildConfigurations = (
				D877BB5B28DA6252004421BF /* Debug */,
				D877BB5C28DA6252004421BF /* Release */,
			);
			defaultConfigurationIsVisible = 0;
			defaultConfigurationName = Release;
		};
		D877BB5D28DA6252004421BF /* Build configuration list for PBXNativeTarget "NYTimesTopStoriesApp" */ = {
			isa = XCConfigurationList;
			buildConfigurations = (
				D877BB5E28DA6252004421BF /* Debug */,
				D877BB5F28DA6252004421BF /* Release */,
			);
			defaultConfigurationIsVisible = 0;
			defaultConfigurationName = Release;
		};
		D877BB6028DA6252004421BF /* Build configuration list for PBXNativeTarget "NYTimesTopStoriesAppTests" */ = {
			isa = XCConfigurationList;
			buildConfigurations = (
				D877BB6128DA6252004421BF /* Debug */,
				D877BB6228DA6252004421BF /* Release */,
			);
			defaultConfigurationIsVisible = 0;
			defaultConfigurationName = Release;
		};
		D877BB6328DA6252004421BF /* Build configuration list for PBXNativeTarget "NYTimesTopStoriesAppUITests" */ = {
			isa = XCConfigurationList;
			buildConfigurations = (
				D877BB6428DA6252004421BF /* Debug */,
				D877BB6528DA6252004421BF /* Release */,
			);
			defaultConfigurationIsVisible = 0;
			defaultConfigurationName = Release;
		};
/* End XCConfigurationList section */
	};
	rootObject = D877BB2B28DA624E004421BF /* Project object */;
}
